
Microsoft Visual Studio Solution File, Format Version 12.00
# Visual Studio Version 16
VisualStudioVersion = 16.0.30413.136
MinimumVisualStudioVersion = 10.0.40219.1
Project("{2150E333-8FDC-42A3-9474-1A3956D46DE8}") = "CarPark", "CarPark", "{A9E8CE32-C1AD-4974-BB6A-E2579F873ED8}"
EndProject
Project("{FAE04EC0-301F-11D3-BF4B-00C04F79EFBC}") = "CarParkLibrary", "CarPark\CarParkLibrary\CarParkLibrary.csproj", "{855350CE-77CA-49F0-80A4-9A3390CE873E}"
EndProject
Project("{FAE04EC0-301F-11D3-BF4B-00C04F79EFBC}") = "CarParkLibraryUnitTestProject", "CarParkLibraryUnitTestProject\CarParkLibraryUnitTestProject.csproj", "{BA75C541-6B2D-4E79-B673-D63544D2BA1A}"
EndProject
Global
	GlobalSection(SolutionConfigurationPlatforms) = preSolution
		Debug|Any CPU = Debug|Any CPU
		Release|Any CPU = Release|Any CPU
	EndGlobalSection
	GlobalSection(ProjectConfigurationPlatforms) = postSolution
		{855350CE-77CA-49F0-80A4-9A3390CE873E}.Debug|Any CPU.ActiveCfg = Debug|Any CPU
		{855350CE-77CA-49F0-80A4-9A3390CE873E}.Debug|Any CPU.Build.0 = Debug|Any CPU
		{855350CE-77CA-49F0-80A4-9A3390CE873E}.Release|Any CPU.ActiveCfg = Release|Any CPU
		{855350CE-77CA-49F0-80A4-9A3390CE873E}.Release|Any CPU.Build.0 = Release|Any CPU
		{BA75C541-6B2D-4E79-B673-D63544D2BA1A}.Debug|Any CPU.ActiveCfg = Debug|Any CPU
		{BA75C541-6B2D-4E79-B673-D63544D2BA1A}.Debug|Any CPU.Build.0 = Debug|Any CPU
		{BA75C541-6B2D-4E79-B673-D63544D2BA1A}.Release|Any CPU.ActiveCfg = Release|Any CPU
		{BA75C541-6B2D-4E79-B673-D63544D2BA1A}.Release|Any CPU.Build.0 = Release|Any CPU
	EndGlobalSection
	GlobalSection(SolutionProperties) = preSolution
		HideSolutionNode = FALSE
	EndGlobalSection
	GlobalSection(NestedProjects) = preSolution
		{855350CE-77CA-49F0-80A4-9A3390CE873E} = {A9E8CE32-C1AD-4974-BB6A-E2579F873ED8}
	EndGlobalSection
	GlobalSection(ExtensibilityGlobals) = postSolution
		SolutionGuid = {01063418-0522-4756-8C19-82E40D34F058}
	EndGlobalSection
EndGlobal
